
Microsoft Visual Studio Solution File, Format Version 12.00
# Visual Studio Version 17
VisualStudioVersion = 17.3.32929.385
MinimumVisualStudioVersion = 10.0.40219.1
Project("{9A19103F-16F7-4668-BE54-9A1E7A4F7556}") = "Bookstore.API", "Bookstore.API\Bookstore.API.csproj", "{DF2CA93D-31F0-438F-824F-C9AE96E5B161}"
EndProject
Project("{9A19103F-16F7-4668-BE54-9A1E7A4F7556}") = "Bookstore.Core", "Bookstore.Core\Bookstore.Core.csproj", "{C8DF2332-04CB-4FFB-B1ED-FBFB73909FE8}"
EndProject
Project("{9A19103F-16F7-4668-BE54-9A1E7A4F7556}") = "Bookstore.Infrastructure", "Bookstore.Infrastructure\Bookstore.Infrastructure.csproj", "{D3ECAEE4-888A-4430-9467-0146F31F22E5}"
EndProject
Global
	GlobalSection(SolutionConfigurationPlatforms) = preSolution
		Debug|Any CPU = Debug|Any CPU
		Release|Any CPU = Release|Any CPU
	EndGlobalSection
	GlobalSection(ProjectConfigurationPlatforms) = postSolution
		{DF2CA93D-31F0-438F-824F-C9AE96E5B161}.Debug|Any CPU.ActiveCfg = Debug|Any CPU
		{DF2CA93D-31F0-438F-824F-C9AE96E5B161}.Debug|Any CPU.Build.0 = Debug|Any CPU
		{DF2CA93D-31F0-438F-824F-C9AE96E5B161}.Release|Any CPU.ActiveCfg = Release|Any CPU
		{DF2CA93D-31F0-438F-824F-C9AE96E5B161}.Release|Any CPU.Build.0 = Release|Any CPU
		{C8DF2332-04CB-4FFB-B1ED-FBFB73909FE8}.Debug|Any CPU.ActiveCfg = Debug|Any CPU
		{C8DF2332-04CB-4FFB-B1ED-FBFB73909FE8}.Debug|Any CPU.Build.0 = Debug|Any CPU
		{C8DF2332-04CB-4FFB-B1ED-FBFB73909FE8}.Release|Any CPU.ActiveCfg = Release|Any CPU
		{C8DF2332-04CB-4FFB-B1ED-FBFB73909FE8}.Release|Any CPU.Build.0 = Release|Any CPU
		{D3ECAEE4-888A-4430-9467-0146F31F22E5}.Debug|Any CPU.ActiveCfg = Debug|Any CPU
		{D3ECAEE4-888A-4430-9467-0146F31F22E5}.Debug|Any CPU.Build.0 = Debug|Any CPU
		{D3ECAEE4-888A-4430-9467-0146F31F22E5}.Release|Any CPU.ActiveCfg = Release|Any CPU
		{D3ECAEE4-888A-4430-9467-0146F31F22E5}.Release|Any CPU.Build.0 = Release|Any CPU
	EndGlobalSection
	GlobalSection(SolutionProperties) = preSolution
		HideSolutionNode = FALSE
	EndGlobalSection
	GlobalSection(ExtensibilityGlobals) = postSolution
		SolutionGuid = {1CA7157C-5BBF-478C-8083-0246C67927BD}
	EndGlobalSection
EndGlobal
